// !$*UTF8*$!
{
	archiveVersion = 1;
	classes = {
	};
	objectVersion = 46;
	objects = {

/* Begin PBXBuildFile section */
		22E799D61B273BE900215452 /* NSArray+WTAFunctionalHelpers.m in Sources */ = {isa = PBXBuildFile; fileRef = 22E799D51B273BE900215452 /* NSArray+WTAFunctionalHelpers.m */; };
		87300AC018C8C7A20099E24A /* Images.xcassets in Resources */ = {isa = PBXBuildFile; fileRef = 87300ABF18C8C7A20099E24A /* Images.xcassets */; };
		873F3C3D18BD22160052E0DC /* WTAReusableIdentifier.m in Sources */ = {isa = PBXBuildFile; fileRef = 873F3C3C18BD22160052E0DC /* WTAReusableIdentifier.m */; };
		873F3C3F18BD22200052E0DC /* UIView+WTANibLoading.m in Sources */ = {isa = PBXBuildFile; fileRef = 873F3C3A18BD21EC0052E0DC /* UIView+WTANibLoading.m */; };
		873F3C4618BD24FA0052E0DC /* NSLayoutConstraint+WTAAutoLayoutHelpers.m in Sources */ = {isa = PBXBuildFile; fileRef = 873F3C4318BD24FA0052E0DC /* NSLayoutConstraint+WTAAutoLayoutHelpers.m */; };
		873F3C4818BD24FA0052E0DC /* UIView+WTAAutoLayoutHelpers.m in Sources */ = {isa = PBXBuildFile; fileRef = 873F3C4518BD24FA0052E0DC /* UIView+WTAAutoLayoutHelpers.m */; };
		878284B618BE3C20005D1AEB /* UIImage+WTAColorImage.m in Sources */ = {isa = PBXBuildFile; fileRef = 878284B518BE3C20005D1AEB /* UIImage+WTAColorImage.m */; };
		878284D318BE432A005D1AEB /* Main.storyboard in Resources */ = {isa = PBXBuildFile; fileRef = 878284BD18BE432A005D1AEB /* Main.storyboard */; };
		878284D418BE432A005D1AEB /* WTADemoAutoLayoutCell.m in Sources */ = {isa = PBXBuildFile; fileRef = 878284C218BE432A005D1AEB /* WTADemoAutoLayoutCell.m */; };
		878284D518BE432A005D1AEB /* WTADemoAutoLayoutCell.xib in Resources */ = {isa = PBXBuildFile; fileRef = 878284C318BE432A005D1AEB /* WTADemoAutoLayoutCell.xib */; };
		878284D618BE432A005D1AEB /* WTADemoAutoLayoutHelperViewController.m in Sources */ = {isa = PBXBuildFile; fileRef = 878284C518BE432A005D1AEB /* WTADemoAutoLayoutHelperViewController.m */; };
		878284D718BE432A005D1AEB /* WTADemoFrameHelperViewController.m in Sources */ = {isa = PBXBuildFile; fileRef = 878284C818BE432A005D1AEB /* WTADemoFrameHelperViewController.m */; };
		878284D818BE432A005D1AEB /* WTAFrameHelpersCell.m in Sources */ = {isa = PBXBuildFile; fileRef = 878284CA18BE432A005D1AEB /* WTAFrameHelpersCell.m */; };
		878284D918BE432A005D1AEB /* WTAFrameHelpersCell.xib in Resources */ = {isa = PBXBuildFile; fileRef = 878284CB18BE432A005D1AEB /* WTAFrameHelpersCell.xib */; };
		878284DA18BE432A005D1AEB /* WTANavigationController.m in Sources */ = {isa = PBXBuildFile; fileRef = 878284CD18BE432A005D1AEB /* WTANavigationController.m */; };
		878284DB18BE432A005D1AEB /* main.m in Sources */ = {isa = PBXBuildFile; fileRef = 878284CE18BE432A005D1AEB /* main.m */; };
		878284DC18BE432A005D1AEB /* WTAAppDelegate.m in Sources */ = {isa = PBXBuildFile; fileRef = 878284D018BE432A005D1AEB /* WTAAppDelegate.m */; };
		878284DF18BE442B005D1AEB /* UIView+WTAFrameHelpers.m in Sources */ = {isa = PBXBuildFile; fileRef = 878CD87E18BB9CCB00C4DCF4 /* UIView+WTAFrameHelpers.m */; };
		878CD8D918BBA59D00C4DCF4 /* Foundation.framework in Frameworks */ = {isa = PBXBuildFile; fileRef = 879CB61618B3FDF8002DCDAA /* Foundation.framework */; };
		878CD8DA18BBA59D00C4DCF4 /* CoreGraphics.framework in Frameworks */ = {isa = PBXBuildFile; fileRef = 879CB61818B3FDF8002DCDAA /* CoreGraphics.framework */; };
		878CD8DB18BBA59D00C4DCF4 /* UIKit.framework in Frameworks */ = {isa = PBXBuildFile; fileRef = 879CB61A18B3FDF8002DCDAA /* UIKit.framework */; };
		BDCB7B9619D45ED30077A547 /* UIColor+WTAColorHelpers.m in Sources */ = {isa = PBXBuildFile; fileRef = BDCB7B9519D45ED30077A547 /* UIColor+WTAColorHelpers.m */; };
		BDCB7B9A19D4636D0077A547 /* UIDevice+WTADeviceHelpers.m in Sources */ = {isa = PBXBuildFile; fileRef = BDCB7B9919D4636D0077A547 /* UIDevice+WTADeviceHelpers.m */; };
/* End PBXBuildFile section */

/* Begin PBXFileReference section */
		22E799D41B273BE900215452 /* NSArray+WTAFunctionalHelpers.h */ = {isa = PBXFileReference; fileEncoding = 4; lastKnownFileType = sourcecode.c.h; path = "NSArray+WTAFunctionalHelpers.h"; sourceTree = "<group>"; };
		22E799D51B273BE900215452 /* NSArray+WTAFunctionalHelpers.m */ = {isa = PBXFileReference; fileEncoding = 4; lastKnownFileType = sourcecode.c.objc; path = "NSArray+WTAFunctionalHelpers.m"; sourceTree = "<group>"; };
		87300ABF18C8C7A20099E24A /* Images.xcassets */ = {isa = PBXFileReference; lastKnownFileType = folder.assetcatalog; path = Images.xcassets; sourceTree = "<group>"; };
		873F3C3918BD21EC0052E0DC /* UIView+WTANibLoading.h */ = {isa = PBXFileReference; lastKnownFileType = sourcecode.c.h; path = "UIView+WTANibLoading.h"; sourceTree = "<group>"; };
		873F3C3A18BD21EC0052E0DC /* UIView+WTANibLoading.m */ = {isa = PBXFileReference; lastKnownFileType = sourcecode.c.objc; path = "UIView+WTANibLoading.m"; sourceTree = "<group>"; };
		873F3C3B18BD22160052E0DC /* WTAReusableIdentifier.h */ = {isa = PBXFileReference; fileEncoding = 4; lastKnownFileType = sourcecode.c.h; path = WTAReusableIdentifier.h; sourceTree = "<group>"; };
		873F3C3C18BD22160052E0DC /* WTAReusableIdentifier.m */ = {isa = PBXFileReference; fileEncoding = 4; lastKnownFileType = sourcecode.c.objc; path = WTAReusableIdentifier.m; sourceTree = "<group>"; };
		873F3C4218BD24FA0052E0DC /* NSLayoutConstraint+WTAAutoLayoutHelpers.h */ = {isa = PBXFileReference; fileEncoding = 4; lastKnownFileType = sourcecode.c.h; path = "NSLayoutConstraint+WTAAutoLayoutHelpers.h"; sourceTree = "<group>"; };
		873F3C4318BD24FA0052E0DC /* NSLayoutConstraint+WTAAutoLayoutHelpers.m */ = {isa = PBXFileReference; fileEncoding = 4; lastKnownFileType = sourcecode.c.objc; path = "NSLayoutConstraint+WTAAutoLayoutHelpers.m"; sourceTree = "<group>"; };
		873F3C4418BD24FA0052E0DC /* UIView+WTAAutoLayoutHelpers.h */ = {isa = PBXFileReference; fileEncoding = 4; lastKnownFileType = sourcecode.c.h; path = "UIView+WTAAutoLayoutHelpers.h"; sourceTree = "<group>"; };
		873F3C4518BD24FA0052E0DC /* UIView+WTAAutoLayoutHelpers.m */ = {isa = PBXFileReference; fileEncoding = 4; lastKnownFileType = sourcecode.c.objc; path = "UIView+WTAAutoLayoutHelpers.m"; sourceTree = "<group>"; };
		874A4D7818BE771D009FEC4E /* WTAHelpers.h */ = {isa = PBXFileReference; fileEncoding = 4; lastKnownFileType = sourcecode.c.h; path = WTAHelpers.h; sourceTree = "<group>"; };
		878284B418BE3C20005D1AEB /* UIImage+WTAColorImage.h */ = {isa = PBXFileReference; fileEncoding = 4; lastKnownFileType = sourcecode.c.h; path = "UIImage+WTAColorImage.h"; sourceTree = "<group>"; };
		878284B518BE3C20005D1AEB /* UIImage+WTAColorImage.m */ = {isa = PBXFileReference; fileEncoding = 4; lastKnownFileType = sourcecode.c.objc; path = "UIImage+WTAColorImage.m"; sourceTree = "<group>"; };
		878284BE18BE432A005D1AEB /* Base */ = {isa = PBXFileReference; lastKnownFileType = file.storyboard; name = Base; path = Base.lproj/Main.storyboard; sourceTree = "<group>"; };
		878284C118BE432A005D1AEB /* WTADemoAutoLayoutCell.h */ = {isa = PBXFileReference; fileEncoding = 4; lastKnownFileType = sourcecode.c.h; path = WTADemoAutoLayoutCell.h; sourceTree = "<group>"; };
		878284C218BE432A005D1AEB /* WTADemoAutoLayoutCell.m */ = {isa = PBXFileReference; fileEncoding = 4; lastKnownFileType = sourcecode.c.objc; path = WTADemoAutoLayoutCell.m; sourceTree = "<group>"; };
		878284C318BE432A005D1AEB /* WTADemoAutoLayoutCell.xib */ = {isa = PBXFileReference; fileEncoding = 4; lastKnownFileType = file.xib; path = WTADemoAutoLayoutCell.xib; sourceTree = "<group>"; };
		878284C418BE432A005D1AEB /* WTADemoAutoLayoutHelperViewController.h */ = {isa = PBXFileReference; fileEncoding = 4; lastKnownFileType = sourcecode.c.h; path = WTADemoAutoLayoutHelperViewController.h; sourceTree = "<group>"; };
		878284C518BE432A005D1AEB /* WTADemoAutoLayoutHelperViewController.m */ = {isa = PBXFileReference; fileEncoding = 4; lastKnownFileType = sourcecode.c.objc; path = WTADemoAutoLayoutHelperViewController.m; sourceTree = "<group>"; };
		878284C718BE432A005D1AEB /* WTADemoFrameHelperViewController.h */ = {isa = PBXFileReference; fileEncoding = 4; lastKnownFileType = sourcecode.c.h; path = WTADemoFrameHelperViewController.h; sourceTree = "<group>"; };
		878284C818BE432A005D1AEB /* WTADemoFrameHelperViewController.m */ = {isa = PBXFileReference; fileEncoding = 4; lastKnownFileType = sourcecode.c.objc; path = WTADemoFrameHelperViewController.m; sourceTree = "<group>"; };
		878284C918BE432A005D1AEB /* WTAFrameHelpersCell.h */ = {isa = PBXFileReference; fileEncoding = 4; lastKnownFileType = sourcecode.c.h; path = WTAFrameHelpersCell.h; sourceTree = "<group>"; };
		878284CA18BE432A005D1AEB /* WTAFrameHelpersCell.m */ = {isa = PBXFileReference; fileEncoding = 4; lastKnownFileType = sourcecode.c.objc; path = WTAFrameHelpersCell.m; sourceTree = "<group>"; };
		878284CB18BE432A005D1AEB /* WTAFrameHelpersCell.xib */ = {isa = PBXFileReference; fileEncoding = 4; lastKnownFileType = file.xib; path = WTAFrameHelpersCell.xib; sourceTree = "<group>"; };
		878284CC18BE432A005D1AEB /* WTANavigationController.h */ = {isa = PBXFileReference; fileEncoding = 4; lastKnownFileType = sourcecode.c.h; path = WTANavigationController.h; sourceTree = "<group>"; };
		878284CD18BE432A005D1AEB /* WTANavigationController.m */ = {isa = PBXFileReference; fileEncoding = 4; lastKnownFileType = sourcecode.c.objc; path = WTANavigationController.m; sourceTree = "<group>"; };
		878284CE18BE432A005D1AEB /* main.m */ = {isa = PBXFileReference; fileEncoding = 4; lastKnownFileType = sourcecode.c.objc; path = main.m; sourceTree = "<group>"; };
		878284CF18BE432A005D1AEB /* WTAAppDelegate.h */ = {isa = PBXFileReference; fileEncoding = 4; lastKnownFileType = sourcecode.c.h; path = WTAAppDelegate.h; sourceTree = "<group>"; };
		878284D018BE432A005D1AEB /* WTAAppDelegate.m */ = {isa = PBXFileReference; fileEncoding = 4; lastKnownFileType = sourcecode.c.objc; path = WTAAppDelegate.m; sourceTree = "<group>"; };
		878284D118BE432A005D1AEB /* WTAHelpersDemo-Info.plist */ = {isa = PBXFileReference; fileEncoding = 4; lastKnownFileType = text.plist.xml; path = "WTAHelpersDemo-Info.plist"; sourceTree = "<group>"; };
		878284D218BE432A005D1AEB /* WTAHelpersDemo-Prefix.pch */ = {isa = PBXFileReference; fileEncoding = 4; lastKnownFileType = sourcecode.c.h; path = "WTAHelpersDemo-Prefix.pch"; sourceTree = "<group>"; };
		878CD87D18BB9CCB00C4DCF4 /* UIView+WTAFrameHelpers.h */ = {isa = PBXFileReference; lastKnownFileType = sourcecode.c.h; path = "UIView+WTAFrameHelpers.h"; sourceTree = "<group>"; };
		878CD87E18BB9CCB00C4DCF4 /* UIView+WTAFrameHelpers.m */ = {isa = PBXFileReference; lastKnownFileType = sourcecode.c.objc; path = "UIView+WTAFrameHelpers.m"; sourceTree = "<group>"; };
		878CD8D818BBA59D00C4DCF4 /* WTAHelpersDemo.app */ = {isa = PBXFileReference; explicitFileType = wrapper.application; includeInIndex = 0; path = WTAHelpersDemo.app; sourceTree = BUILT_PRODUCTS_DIR; };
		879CB61618B3FDF8002DCDAA /* Foundation.framework */ = {isa = PBXFileReference; lastKnownFileType = wrapper.framework; name = Foundation.framework; path = System/Library/Frameworks/Foundation.framework; sourceTree = SDKROOT; };
		879CB61818B3FDF8002DCDAA /* CoreGraphics.framework */ = {isa = PBXFileReference; lastKnownFileType = wrapper.framework; name = CoreGraphics.framework; path = System/Library/Frameworks/CoreGraphics.framework; sourceTree = SDKROOT; };
		879CB61A18B3FDF8002DCDAA /* UIKit.framework */ = {isa = PBXFileReference; lastKnownFileType = wrapper.framework; name = UIKit.framework; path = System/Library/Frameworks/UIKit.framework; sourceTree = SDKROOT; };
		879CB63518B3FDF8002DCDAA /* XCTest.framework */ = {isa = PBXFileReference; lastKnownFileType = wrapper.framework; name = XCTest.framework; path = Library/Frameworks/XCTest.framework; sourceTree = DEVELOPER_DIR; };
		BDCB7B9419D45ED30077A547 /* UIColor+WTAColorHelpers.h */ = {isa = PBXFileReference; fileEncoding = 4; lastKnownFileType = sourcecode.c.h; path = "UIColor+WTAColorHelpers.h"; sourceTree = "<group>"; };
		BDCB7B9519D45ED30077A547 /* UIColor+WTAColorHelpers.m */ = {isa = PBXFileReference; fileEncoding = 4; lastKnownFileType = sourcecode.c.objc; path = "UIColor+WTAColorHelpers.m"; sourceTree = "<group>"; };
		BDCB7B9819D4636D0077A547 /* UIDevice+WTADeviceHelpers.h */ = {isa = PBXFileReference; fileEncoding = 4; lastKnownFileType = sourcecode.c.h; path = "UIDevice+WTADeviceHelpers.h"; sourceTree = "<group>"; };
		BDCB7B9919D4636D0077A547 /* UIDevice+WTADeviceHelpers.m */ = {isa = PBXFileReference; fileEncoding = 4; lastKnownFileType = sourcecode.c.objc; path = "UIDevice+WTADeviceHelpers.m"; sourceTree = "<group>"; };
/* End PBXFileReference section */

/* Begin PBXFrameworksBuildPhase section */
		878CD8D518BBA59D00C4DCF4 /* Frameworks */ = {
			isa = PBXFrameworksBuildPhase;
			buildActionMask = 2147483647;
			files = (
				878CD8DA18BBA59D00C4DCF4 /* CoreGraphics.framework in Frameworks */,
				878CD8DB18BBA59D00C4DCF4 /* UIKit.framework in Frameworks */,
				878CD8D918BBA59D00C4DCF4 /* Foundation.framework in Frameworks */,
			);
			runOnlyForDeploymentPostprocessing = 0;
		};
/* End PBXFrameworksBuildPhase section */

/* Begin PBXGroup section */
		22E799D31B2734F100215452 /* WTAFunctionalHelpers */ = {
			isa = PBXGroup;
			children = (
				22E799D41B273BE900215452 /* NSArray+WTAFunctionalHelpers.h */,
				22E799D51B273BE900215452 /* NSArray+WTAFunctionalHelpers.m */,
			);
			path = WTAFunctionalHelpers;
			sourceTree = "<group>";
		};
		873F3C2F18BD21CE0052E0DC /* WTANibLoading */ = {
			isa = PBXGroup;
			children = (
				873F3C3918BD21EC0052E0DC /* UIView+WTANibLoading.h */,
				873F3C3A18BD21EC0052E0DC /* UIView+WTANibLoading.m */,
			);
			path = WTANibLoading;
			sourceTree = "<group>";
		};
		873F3C3418BD21CE0052E0DC /* WTAReusableIdentifier */ = {
			isa = PBXGroup;
			children = (
				873F3C3B18BD22160052E0DC /* WTAReusableIdentifier.h */,
				873F3C3C18BD22160052E0DC /* WTAReusableIdentifier.m */,
			);
			path = WTAReusableIdentifier;
			sourceTree = "<group>";
		};
		873F3C4118BD24FA0052E0DC /* WTAAutoLayoutHelpers */ = {
			isa = PBXGroup;
			children = (
				873F3C4218BD24FA0052E0DC /* NSLayoutConstraint+WTAAutoLayoutHelpers.h */,
				873F3C4318BD24FA0052E0DC /* NSLayoutConstraint+WTAAutoLayoutHelpers.m */,
				873F3C4418BD24FA0052E0DC /* UIView+WTAAutoLayoutHelpers.h */,
				873F3C4518BD24FA0052E0DC /* UIView+WTAAutoLayoutHelpers.m */,
			);
			path = WTAAutoLayoutHelpers;
			sourceTree = "<group>";
		};
		878284B318BE3C20005D1AEB /* WTAColorImage */ = {
			isa = PBXGroup;
			children = (
				878284B418BE3C20005D1AEB /* UIImage+WTAColorImage.h */,
				878284B518BE3C20005D1AEB /* UIImage+WTAColorImage.m */,
			);
			path = WTAColorImage;
			sourceTree = "<group>";
		};
		878284BC18BE432A005D1AEB /* WTAHelpersDemo */ = {
			isa = PBXGroup;
			children = (
				878284BD18BE432A005D1AEB /* Main.storyboard */,
				878284BF18BE432A005D1AEB /* Classes */,
				878284CE18BE432A005D1AEB /* main.m */,
				878284CF18BE432A005D1AEB /* WTAAppDelegate.h */,
				87300ABF18C8C7A20099E24A /* Images.xcassets */,
				878284D018BE432A005D1AEB /* WTAAppDelegate.m */,
				878284D118BE432A005D1AEB /* WTAHelpersDemo-Info.plist */,
				878284D218BE432A005D1AEB /* WTAHelpersDemo-Prefix.pch */,
			);
			path = WTAHelpersDemo;
			sourceTree = SOURCE_ROOT;
		};
		878284BF18BE432A005D1AEB /* Classes */ = {
			isa = PBXGroup;
			children = (
				878284C018BE432A005D1AEB /* WTAAutoLayoutHelpersDemo */,
				878284C618BE432A005D1AEB /* WTAFrameHelpersDemo */,
				878284DE18BE4412005D1AEB /* Common */,
			);
			path = Classes;
			sourceTree = "<group>";
		};
		878284C018BE432A005D1AEB /* WTAAutoLayoutHelpersDemo */ = {
			isa = PBXGroup;
			children = (
				878284C118BE432A005D1AEB /* WTADemoAutoLayoutCell.h */,
				878284C218BE432A005D1AEB /* WTADemoAutoLayoutCell.m */,
				878284C318BE432A005D1AEB /* WTADemoAutoLayoutCell.xib */,
				878284C418BE432A005D1AEB /* WTADemoAutoLayoutHelperViewController.h */,
				878284C518BE432A005D1AEB /* WTADemoAutoLayoutHelperViewController.m */,
			);
			path = WTAAutoLayoutHelpersDemo;
			sourceTree = "<group>";
		};
		878284C618BE432A005D1AEB /* WTAFrameHelpersDemo */ = {
			isa = PBXGroup;
			children = (
				878284C718BE432A005D1AEB /* WTADemoFrameHelperViewController.h */,
				878284C818BE432A005D1AEB /* WTADemoFrameHelperViewController.m */,
				878284C918BE432A005D1AEB /* WTAFrameHelpersCell.h */,
				878284CA18BE432A005D1AEB /* WTAFrameHelpersCell.m */,
				878284CB18BE432A005D1AEB /* WTAFrameHelpersCell.xib */,
			);
			path = WTAFrameHelpersDemo;
			sourceTree = "<group>";
		};
		878284DE18BE4412005D1AEB /* Common */ = {
			isa = PBXGroup;
			children = (
				878284CC18BE432A005D1AEB /* WTANavigationController.h */,
				878284CD18BE432A005D1AEB /* WTANavigationController.m */,
			);
			name = Common;
			sourceTree = "<group>";
		};
		878CD87B18BB9CCB00C4DCF4 /* Source */ = {
			isa = PBXGroup;
			children = (
				22E799D31B2734F100215452 /* WTAFunctionalHelpers */,
				BDCB7B9719D4636D0077A547 /* WTADeviceHelpers */,
				BDCB7B9319D45ED30077A547 /* WTAColorHelpers */,
				878284B318BE3C20005D1AEB /* WTAColorImage */,
				873F3C4118BD24FA0052E0DC /* WTAAutoLayoutHelpers */,
				873F3C2F18BD21CE0052E0DC /* WTANibLoading */,
				873F3C3418BD21CE0052E0DC /* WTAReusableIdentifier */,
				878CD87C18BB9CCB00C4DCF4 /* WTAFrameHelpers */,
				874A4D7818BE771D009FEC4E /* WTAHelpers.h */,
			);
			name = Source;
			path = WTAHelpers;
			sourceTree = SOURCE_ROOT;
		};
		878CD87C18BB9CCB00C4DCF4 /* WTAFrameHelpers */ = {
			isa = PBXGroup;
			children = (
				878CD87D18BB9CCB00C4DCF4 /* UIView+WTAFrameHelpers.h */,
				878CD87E18BB9CCB00C4DCF4 /* UIView+WTAFrameHelpers.m */,
			);
			path = WTAFrameHelpers;
			sourceTree = "<group>";
		};
		879CB60A18B3FDF8002DCDAA = {
			isa = PBXGroup;
			children = (
				879CB61C18B3FDF8002DCDAA /* WTAHelpers */,
				879CB61518B3FDF8002DCDAA /* Frameworks */,
				879CB61418B3FDF8002DCDAA /* Products */,
			);
			sourceTree = "<group>";
		};
		879CB61418B3FDF8002DCDAA /* Products */ = {
			isa = PBXGroup;
			children = (
				878CD8D818BBA59D00C4DCF4 /* WTAHelpersDemo.app */,
			);
			name = Products;
			sourceTree = "<group>";
		};
		879CB61518B3FDF8002DCDAA /* Frameworks */ = {
			isa = PBXGroup;
			children = (
				879CB61618B3FDF8002DCDAA /* Foundation.framework */,
				879CB61818B3FDF8002DCDAA /* CoreGraphics.framework */,
				879CB61A18B3FDF8002DCDAA /* UIKit.framework */,
				879CB63518B3FDF8002DCDAA /* XCTest.framework */,
			);
			name = Frameworks;
			sourceTree = "<group>";
		};
		879CB61C18B3FDF8002DCDAA /* WTAHelpers */ = {
			isa = PBXGroup;
			children = (
				878284BC18BE432A005D1AEB /* WTAHelpersDemo */,
				878CD87B18BB9CCB00C4DCF4 /* Source */,
			);
			name = WTAHelpers;
			path = WTALayoutHelpers;
			sourceTree = "<group>";
		};
		BDCB7B9319D45ED30077A547 /* WTAColorHelpers */ = {
			isa = PBXGroup;
			children = (
				BDCB7B9419D45ED30077A547 /* UIColor+WTAColorHelpers.h */,
				BDCB7B9519D45ED30077A547 /* UIColor+WTAColorHelpers.m */,
			);
			path = WTAColorHelpers;
			sourceTree = "<group>";
		};
		BDCB7B9719D4636D0077A547 /* WTADeviceHelpers */ = {
			isa = PBXGroup;
			children = (
				BDCB7B9819D4636D0077A547 /* UIDevice+WTADeviceHelpers.h */,
				BDCB7B9919D4636D0077A547 /* UIDevice+WTADeviceHelpers.m */,
			);
			path = WTADeviceHelpers;
			sourceTree = "<group>";
		};
/* End PBXGroup section */

/* Begin PBXNativeTarget section */
		878CD8D718BBA59D00C4DCF4 /* WTAHelpersDemo */ = {
			isa = PBXNativeTarget;
			buildConfigurationList = 878CD90218BBA59D00C4DCF4 /* Build configuration list for PBXNativeTarget "WTAHelpersDemo" */;
			buildPhases = (
				878CD8D418BBA59D00C4DCF4 /* Sources */,
				878CD8D518BBA59D00C4DCF4 /* Frameworks */,
				878CD8D618BBA59D00C4DCF4 /* Resources */,
			);
			buildRules = (
			);
			dependencies = (
			);
			name = WTAHelpersDemo;
			productName = WTAAutoLayoutHelpersDemo;
			productReference = 878CD8D818BBA59D00C4DCF4 /* WTAHelpersDemo.app */;
			productType = "com.apple.product-type.application";
		};
/* End PBXNativeTarget section */

/* Begin PBXProject section */
		879CB60B18B3FDF8002DCDAA /* Project object */ = {
			isa = PBXProject;
			attributes = {
				CLASSPREFIX = WTA;
				LastUpgradeCheck = 0500;
				ORGANIZATIONNAME = "WillowTree Apps, Inc.";
			};
			buildConfigurationList = 879CB60E18B3FDF8002DCDAA /* Build configuration list for PBXProject "WTAHelpers" */;
			compatibilityVersion = "Xcode 3.2";
			developmentRegion = English;
			hasScannedForEncodings = 0;
			knownRegions = (
				en,
				Base,
			);
			mainGroup = 879CB60A18B3FDF8002DCDAA;
			productRefGroup = 879CB61418B3FDF8002DCDAA /* Products */;
			projectDirPath = "";
			projectRoot = "";
			targets = (
				878CD8D718BBA59D00C4DCF4 /* WTAHelpersDemo */,
			);
		};
/* End PBXProject section */

/* Begin PBXResourcesBuildPhase section */
		878CD8D618BBA59D00C4DCF4 /* Resources */ = {
			isa = PBXResourcesBuildPhase;
			buildActionMask = 2147483647;
			files = (
				878284D518BE432A005D1AEB /* WTADemoAutoLayoutCell.xib in Resources */,
				87300AC018C8C7A20099E24A /* Images.xcassets in Resources */,
				878284D918BE432A005D1AEB /* WTAFrameHelpersCell.xib in Resources */,
				878284D318BE432A005D1AEB /* Main.storyboard in Resources */,
			);
			runOnlyForDeploymentPostprocessing = 0;
		};
/* End PBXResourcesBuildPhase section */

/* Begin PBXSourcesBuildPhase section */
		878CD8D418BBA59D00C4DCF4 /* Sources */ = {
			isa = PBXSourcesBuildPhase;
			buildActionMask = 2147483647;
			files = (
				878284D618BE432A005D1AEB /* WTADemoAutoLayoutHelperViewController.m in Sources */,
				873F3C4618BD24FA0052E0DC /* NSLayoutConstraint+WTAAutoLayoutHelpers.m in Sources */,
				BDCB7B9619D45ED30077A547 /* UIColor+WTAColorHelpers.m in Sources */,
				BDCB7B9A19D4636D0077A547 /* UIDevice+WTADeviceHelpers.m in Sources */,
				878284DA18BE432A005D1AEB /* WTANavigationController.m in Sources */,
				878284D818BE432A005D1AEB /* WTAFrameHelpersCell.m in Sources */,
				22E799D61B273BE900215452 /* NSArray+WTAFunctionalHelpers.m in Sources */,
				878284D718BE432A005D1AEB /* WTADemoFrameHelperViewController.m in Sources */,
				873F3C4818BD24FA0052E0DC /* UIView+WTAAutoLayoutHelpers.m in Sources */,
				878284B618BE3C20005D1AEB /* UIImage+WTAColorImage.m in Sources */,
				873F3C3D18BD22160052E0DC /* WTAReusableIdentifier.m in Sources */,
				878284D418BE432A005D1AEB /* WTADemoAutoLayoutCell.m in Sources */,
				878284DB18BE432A005D1AEB /* main.m in Sources */,
				873F3C3F18BD22200052E0DC /* UIView+WTANibLoading.m in Sources */,
				878284DF18BE442B005D1AEB /* UIView+WTAFrameHelpers.m in Sources */,
				878284DC18BE432A005D1AEB /* WTAAppDelegate.m in Sources */,
			);
			runOnlyForDeploymentPostprocessing = 0;
		};
/* End PBXSourcesBuildPhase section */

/* Begin PBXVariantGroup section */
		878284BD18BE432A005D1AEB /* Main.storyboard */ = {
			isa = PBXVariantGroup;
			children = (
				878284BE18BE432A005D1AEB /* Base */,
			);
			name = Main.storyboard;
			sourceTree = "<group>";
		};
/* End PBXVariantGroup section */

/* Begin XCBuildConfiguration section */
		878CD90318BBA59D00C4DCF4 /* Debug */ = {
			isa = XCBuildConfiguration;
			buildSettings = {
				ARCHS = "$(ARCHS_STANDARD_INCLUDING_64_BIT)";
				ASSETCATALOG_COMPILER_APPICON_NAME = AppIcon;
				GCC_PRECOMPILE_PREFIX_HEADER = YES;
				GCC_PREFIX_HEADER = "WTAHelpersDemo/WTAHelpersDemo-Prefix.pch";
				GCC_PREPROCESSOR_DEFINITIONS = (
					"DEBUG=1",
					"$(inherited)",
				);
				INFOPLIST_FILE = "WTAHelpersDemo/WTAHelpersDemo-Info.plist";
				PRODUCT_NAME = "$(TARGET_NAME)";
				WRAPPER_EXTENSION = app;
			};
			name = Debug;
		};
		878CD90418BBA59D00C4DCF4 /* Release */ = {
			isa = XCBuildConfiguration;
			buildSettings = {
				ARCHS = "$(ARCHS_STANDARD_INCLUDING_64_BIT)";
				ASSETCATALOG_COMPILER_APPICON_NAME = AppIcon;
				GCC_PRECOMPILE_PREFIX_HEADER = YES;
				GCC_PREFIX_HEADER = "WTAHelpersDemo/WTAHelpersDemo-Prefix.pch";
				INFOPLIST_FILE = "WTAHelpersDemo/WTAHelpersDemo-Info.plist";
				PRODUCT_NAME = "$(TARGET_NAME)";
				WRAPPER_EXTENSION = app;
			};
			name = Release;
		};
		879CB64318B3FDF8002DCDAA /* Debug */ = {
			isa = XCBuildConfiguration;
			buildSettings = {
				ALWAYS_SEARCH_USER_PATHS = NO;
				ARCHS = "$(ARCHS_STANDARD_INCLUDING_64_BIT)";
				CLANG_CXX_LANGUAGE_STANDARD = "gnu++0x";
				CLANG_CXX_LIBRARY = "libc++";
				CLANG_ENABLE_MODULES = YES;
				CLANG_ENABLE_OBJC_ARC = YES;
				CLANG_WARN_BOOL_CONVERSION = YES;
				CLANG_WARN_CONSTANT_CONVERSION = YES;
				CLANG_WARN_DIRECT_OBJC_ISA_USAGE = YES_ERROR;
				CLANG_WARN_EMPTY_BODY = YES;
				CLANG_WARN_ENUM_CONVERSION = YES;
				CLANG_WARN_INT_CONVERSION = YES;
				CLANG_WARN_OBJC_ROOT_CLASS = YES_ERROR;
				CLANG_WARN__DUPLICATE_METHOD_MATCH = YES;
				"CODE_SIGN_IDENTITY[sdk=iphoneos*]" = "iPhone Developer";
				COPY_PHASE_STRIP = NO;
				GCC_C_LANGUAGE_STANDARD = gnu99;
				GCC_DYNAMIC_NO_PIC = NO;
				GCC_OPTIMIZATION_LEVEL = 0;
				GCC_PREPROCESSOR_DEFINITIONS = (
					"DEBUG=1",
					"$(inherited)",
				);
				GCC_SYMBOLS_PRIVATE_EXTERN = NO;
				GCC_WARN_64_TO_32_BIT_CONVERSION = YES;
				GCC_WARN_ABOUT_RETURN_TYPE = YES_ERROR;
				GCC_WARN_UNDECLARED_SELECTOR = YES;
				GCC_WARN_UNINITIALIZED_AUTOS = YES;
				GCC_WARN_UNUSED_FUNCTION = YES;
				GCC_WARN_UNUSED_VARIABLE = YES;
				HEADER_SEARCH_PATHS = (
					"$(inherited)",
					/Applications/Xcode.app/Contents/Developer/Toolchains/XcodeDefault.xctoolchain/usr/include,
					Classes,
				);
				IPHONEOS_DEPLOYMENT_TARGET = 7.0;
				ONLY_ACTIVE_ARCH = YES;
				SDKROOT = iphoneos;
			};
			name = Debug;
		};
		879CB64418B3FDF8002DCDAA /* Release */ = {
			isa = XCBuildConfiguration;
			buildSettings = {
				ALWAYS_SEARCH_USER_PATHS = NO;
				ARCHS = "$(ARCHS_STANDARD_INCLUDING_64_BIT)";
				CLANG_CXX_LANGUAGE_STANDARD = "gnu++0x";
				CLANG_CXX_LIBRARY = "libc++";
				CLANG_ENABLE_MODULES = YES;
				CLANG_ENABLE_OBJC_ARC = YES;
				CLANG_WARN_BOOL_CONVERSION = YES;
				CLANG_WARN_CONSTANT_CONVERSION = YES;
				CLANG_WARN_DIRECT_OBJC_ISA_USAGE = YES_ERROR;
				CLANG_WARN_EMPTY_BODY = YES;
				CLANG_WARN_ENUM_CONVERSION = YES;
				CLANG_WARN_INT_CONVERSION = YES;
				CLANG_WARN_OBJC_ROOT_CLASS = YES_ERROR;
				CLANG_WARN__DUPLICATE_METHOD_MATCH = YES;
				"CODE_SIGN_IDENTITY[sdk=iphoneos*]" = "iPhone Developer";
				COPY_PHASE_STRIP = YES;
				ENABLE_NS_ASSERTIONS = NO;
				GCC_C_LANGUAGE_STANDARD = gnu99;
				GCC_WARN_64_TO_32_BIT_CONVERSION = YES;
				GCC_WARN_ABOUT_RETURN_TYPE = YES_ERROR;
				GCC_WARN_UNDECLARED_SELECTOR = YES;
				GCC_WARN_UNINITIALIZED_AUTOS = YES;
				GCC_WARN_UNUSED_FUNCTION = YES;
				GCC_WARN_UNUSED_VARIABLE = YES;
				HEADER_SEARCH_PATHS = (
					"$(inherited)",
					/Applications/Xcode.app/Contents/Developer/Toolchains/XcodeDefault.xctoolchain/usr/include,
					Classes,
				);
				IPHONEOS_DEPLOYMENT_TARGET = 7.0;
				SDKROOT = iphoneos;
				VALIDATE_PRODUCT = YES;
			};
			name = Release;
		};
/* End XCBuildConfiguration section */

/* Begin XCConfigurationList section */
		878CD90218BBA59D00C4DCF4 /* Build configuration list for PBXNativeTarget "WTAHelpersDemo" */ = {
			isa = XCConfigurationList;
			buildConfigurations = (
				878CD90318BBA59D00C4DCF4 /* Debug */,
				878CD90418BBA59D00C4DCF4 /* Release */,
			);
			defaultConfigurationIsVisible = 0;
			defaultConfigurationName = Release;
		};
		879CB60E18B3FDF8002DCDAA /* Build configuration list for PBXProject "WTAHelpers" */ = {
			isa = XCConfigurationList;
			buildConfigurations = (
				879CB64318B3FDF8002DCDAA /* Debug */,
				879CB64418B3FDF8002DCDAA /* Release */,
			);
			defaultConfigurationIsVisible = 0;
			defaultConfigurationName = Release;
		};
/* End XCConfigurationList section */
	};
	rootObject = 879CB60B18B3FDF8002DCDAA /* Project object */;
}
